
Microsoft Visual Studio Solution File, Format Version 12.00
# Visual Studio Version 17
VisualStudioVersion = 17.9.34518.117
MinimumVisualStudioVersion = 10.0.40219.1
Project("{FAE04EC0-301F-11D3-BF4B-00C04F79EFBC}") = "QuizAPI", "QuizAPI\QuizAPI.csproj", "{12574217-0507-4935-83ED-994CA6627D2E}"
EndProject
Global
	GlobalSection(SolutionConfigurationPlatforms) = preSolution
		Debug|Any CPU = Debug|Any CPU
		Release|Any CPU = Release|Any CPU
	EndGlobalSection
	GlobalSection(ProjectConfigurationPlatforms) = postSolution
		{12574217-0507-4935-83ED-994CA6627D2E}.Debug|Any CPU.ActiveCfg = Debug|Any CPU
		{12574217-0507-4935-83ED-994CA6627D2E}.Debug|Any CPU.Build.0 = Debug|Any CPU
		{12574217-0507-4935-83ED-994CA6627D2E}.Release|Any CPU.ActiveCfg = Release|Any CPU
		{12574217-0507-4935-83ED-994CA6627D2E}.Release|Any CPU.Build.0 = Release|Any CPU
	EndGlobalSection
	GlobalSection(SolutionProperties) = preSolution
		HideSolutionNode = FALSE
	EndGlobalSection
	GlobalSection(ExtensibilityGlobals) = postSolution
		SolutionGuid = {1085086A-865F-463B-B3AE-B8424AFBAE0E}
	EndGlobalSection
EndGlobal
